
Microsoft Visual Studio Solution File, Format Version 12.00
# Visual Studio 15
VisualStudioVersion = 15.0.27130.0
MinimumVisualStudioVersion = 10.0.40219.1
Project("{FAE04EC0-301F-11D3-BF4B-00C04F79EFBC}") = "OpenEngine", "OpenEngine\OpenEngine.csproj", "{8E3EE965-7521-46B4-8B58-32B3062D4E04}"
EndProject
Project("{FAE04EC0-301F-11D3-BF4B-00C04F79EFBC}") = "TestGame", "TestGame\TestGame.csproj", "{49853868-080B-4CAC-9564-F381885727E0}"
EndProject
Global
	GlobalSection(SolutionConfigurationPlatforms) = preSolution
		Debug|Any CPU = Debug|Any CPU
		Release|Any CPU = Release|Any CPU
	EndGlobalSection
	GlobalSection(ProjectConfigurationPlatforms) = postSolution
		{8E3EE965-7521-46B4-8B58-32B3062D4E04}.Debug|Any CPU.ActiveCfg = Debug|Any CPU
		{8E3EE965-7521-46B4-8B58-32B3062D4E04}.Debug|Any CPU.Build.0 = Debug|Any CPU
		{8E3EE965-7521-46B4-8B58-32B3062D4E04}.Release|Any CPU.ActiveCfg = Release|Any CPU
		{8E3EE965-7521-46B4-8B58-32B3062D4E04}.Release|Any CPU.Build.0 = Release|Any CPU
		{49853868-080B-4CAC-9564-F381885727E0}.Debug|Any CPU.ActiveCfg = Debug|Any CPU
		{49853868-080B-4CAC-9564-F381885727E0}.Debug|Any CPU.Build.0 = Debug|Any CPU
		{49853868-080B-4CAC-9564-F381885727E0}.Release|Any CPU.ActiveCfg = Release|Any CPU
		{49853868-080B-4CAC-9564-F381885727E0}.Release|Any CPU.Build.0 = Release|Any CPU
	EndGlobalSection
	GlobalSection(SolutionProperties) = preSolution
		HideSolutionNode = FALSE
	EndGlobalSection
	GlobalSection(ExtensibilityGlobals) = postSolution
		SolutionGuid = {9D2E8B29-0E4E-4A34-A1EF-0041D5FD0443}
	EndGlobalSection
EndGlobal
